
Microsoft Visual Studio Solution File, Format Version 12.00
Project("{FAE04EC0-301F-11D3-BF4B-00C04F79EFBC}") = "FreeRoom", "FreeRoom\FreeRoom.csproj", "{D73E0249-C917-4472-879F-A6E9002FED3A}"
EndProject
Global
	GlobalSection(SolutionConfigurationPlatforms) = preSolution
		Debug|Any CPU = Debug|Any CPU
		Release|Any CPU = Release|Any CPU
	EndGlobalSection
	GlobalSection(ProjectConfigurationPlatforms) = postSolution
		{D73E0249-C917-4472-879F-A6E9002FED3A}.Debug|Any CPU.ActiveCfg = Debug|Any CPU
		{D73E0249-C917-4472-879F-A6E9002FED3A}.Debug|Any CPU.Build.0 = Debug|Any CPU
		{D73E0249-C917-4472-879F-A6E9002FED3A}.Release|Any CPU.ActiveCfg = Release|Any CPU
		{D73E0249-C917-4472-879F-A6E9002FED3A}.Release|Any CPU.Build.0 = Release|Any CPU
	EndGlobalSection
EndGlobal
